// !$*UTF8*$!
{
	archiveVersion = 1;
	classes = {
	};
	objectVersion = 51;
	objects = {

/* Begin PBXBuildFile section */
		350B466D24DC60FE00910FCE /* MyGroupsTableViewController.swift in Sources */ = {isa = PBXBuildFile; fileRef = 350B466C24DC60FE00910FCE /* MyGroupsTableViewController.swift */; };
		350B466F24DC613700910FCE /* MyGroupsTableViewCell.swift in Sources */ = {isa = PBXBuildFile; fileRef = 350B466E24DC613700910FCE /* MyGroupsTableViewCell.swift */; };
		350B467124DC6EF000910FCE /* FriendPhotoCollectionViewController.swift in Sources */ = {isa = PBXBuildFile; fileRef = 350B467024DC6EF000910FCE /* FriendPhotoCollectionViewController.swift */; };
		350B467324DC6F1D00910FCE /* FriendPhotoCollectionViewCell.swift in Sources */ = {isa = PBXBuildFile; fileRef = 350B467224DC6F1D00910FCE /* FriendPhotoCollectionViewCell.swift */; };
		350B467A24DC74AC00910FCE /* MyFriendsTableViewController.swift in Sources */ = {isa = PBXBuildFile; fileRef = 350B467924DC74AC00910FCE /* MyFriendsTableViewController.swift */; };
		350B467C24DC74C200910FCE /* MyFriendsTableViewCell.swift in Sources */ = {isa = PBXBuildFile; fileRef = 350B467B24DC74C200910FCE /* MyFriendsTableViewCell.swift */; };
		35242F9725335D5C0074C173 /* GB_Vkontakte_AlexeyZhadaev.xcdatamodeld in Sources */ = {isa = PBXBuildFile; fileRef = 35242F9525335D5C0074C173 /* GB_Vkontakte_AlexeyZhadaev.xcdatamodeld */; };
		35242F9F25335FED0074C173 /* Group+CoreDataClass.swift in Sources */ = {isa = PBXBuildFile; fileRef = 35242F9925335FED0074C173 /* Group+CoreDataClass.swift */; };
		35242FA025335FED0074C173 /* Group+CoreDataProperties.swift in Sources */ = {isa = PBXBuildFile; fileRef = 35242F9A25335FED0074C173 /* Group+CoreDataProperties.swift */; };
		35242FA125335FED0074C173 /* Photo+CoreDataClass.swift in Sources */ = {isa = PBXBuildFile; fileRef = 35242F9B25335FED0074C173 /* Photo+CoreDataClass.swift */; };
		35242FA225335FED0074C173 /* Photo+CoreDataProperties.swift in Sources */ = {isa = PBXBuildFile; fileRef = 35242F9C25335FED0074C173 /* Photo+CoreDataProperties.swift */; };
		35242FA325335FED0074C173 /* User+CoreDataClass.swift in Sources */ = {isa = PBXBuildFile; fileRef = 35242F9D25335FED0074C173 /* User+CoreDataClass.swift */; };
		35242FA425335FED0074C173 /* User+CoreDataProperties.swift in Sources */ = {isa = PBXBuildFile; fileRef = 35242F9E25335FED0074C173 /* User+CoreDataProperties.swift */; };
		35242FA9253361ED0074C173 /* CoreDataStack.swift in Sources */ = {isa = PBXBuildFile; fileRef = 35242FA8253361ED0074C173 /* CoreDataStack.swift */; };
		35242FAC253363150074C173 /* CoreDataSaveService.swift in Sources */ = {isa = PBXBuildFile; fileRef = 35242FAB253363150074C173 /* CoreDataSaveService.swift */; };
		3533F2072506BDEE001975AB /* LoadingDots.swift in Sources */ = {isa = PBXBuildFile; fileRef = 3533F2062506BDEE001975AB /* LoadingDots.swift */; };
		3544E8A5250E81D80062C20E /* CustomPushAnimator.swift in Sources */ = {isa = PBXBuildFile; fileRef = 3544E8A4250E81D80062C20E /* CustomPushAnimator.swift */; };
		3554667724F6DAE700EAA7F4 /* CustomAvatarView.swift in Sources */ = {isa = PBXBuildFile; fileRef = 3554667624F6DAE700EAA7F4 /* CustomAvatarView.swift */; };
		3556A65524F3E98900BF6847 /* GradientView.swift in Sources */ = {isa = PBXBuildFile; fileRef = 3556A65424F3E98900BF6847 /* GradientView.swift */; };
		3566402A2509519100744216 /* GalleryViewController.swift in Sources */ = {isa = PBXBuildFile; fileRef = 356640292509519100744216 /* GalleryViewController.swift */; };
		356F8B8E24DB4F4E001C89BA /* FindGroupsTableViewController.swift in Sources */ = {isa = PBXBuildFile; fileRef = 356F8B8D24DB4F4D001C89BA /* FindGroupsTableViewController.swift */; };
		356F8B9024DB4F64001C89BA /* FindGroupsTableViewCell.swift in Sources */ = {isa = PBXBuildFile; fileRef = 356F8B8F24DB4F64001C89BA /* FindGroupsTableViewCell.swift */; };
		358343D52505479B007017DC /* NewsPhotoCollectionViewCell.swift in Sources */ = {isa = PBXBuildFile; fileRef = 358343D32505479B007017DC /* NewsPhotoCollectionViewCell.swift */; };
		358343D62505479B007017DC /* NewsPhotoCollectionViewCell.xib in Resources */ = {isa = PBXBuildFile; fileRef = 358343D42505479B007017DC /* NewsPhotoCollectionViewCell.xib */; };
		359B49E9251A73FF00878855 /* Session.swift in Sources */ = {isa = PBXBuildFile; fileRef = 359B49E8251A73FF00878855 /* Session.swift */; };
		35A3BAE024D20AD300933891 /* AppDelegate.swift in Sources */ = {isa = PBXBuildFile; fileRef = 35A3BADF24D20AD300933891 /* AppDelegate.swift */; };
		35A3BAE224D20AD300933891 /* SceneDelegate.swift in Sources */ = {isa = PBXBuildFile; fileRef = 35A3BAE124D20AD300933891 /* SceneDelegate.swift */; };
		35A3BAE724D20AD300933891 /* Main.storyboard in Resources */ = {isa = PBXBuildFile; fileRef = 35A3BAE524D20AD300933891 /* Main.storyboard */; };
		35A3BAE924D20AD500933891 /* Assets.xcassets in Resources */ = {isa = PBXBuildFile; fileRef = 35A3BAE824D20AD500933891 /* Assets.xcassets */; };
		35A3BAEC24D20AD500933891 /* LaunchScreen.storyboard in Resources */ = {isa = PBXBuildFile; fileRef = 35A3BAEA24D20AD500933891 /* LaunchScreen.storyboard */; };
		35A3BAF424D20B5000933891 /* LoginFormController.swift in Sources */ = {isa = PBXBuildFile; fileRef = 35A3BAF324D20B5000933891 /* LoginFormController.swift */; };
		35BDFDB32504FAC000CE7488 /* NewsTableViewCell.xib in Resources */ = {isa = PBXBuildFile; fileRef = 35BDFDB22504FAC000CE7488 /* NewsTableViewCell.xib */; };
		35C1BB7224F8246300A7ACBC /* LikeCustomControlUIView.swift in Sources */ = {isa = PBXBuildFile; fileRef = 35C1BB7124F8246300A7ACBC /* LikeCustomControlUIView.swift */; };
		35DE855424FD3D2200A95717 /* NewsTableViewController.swift in Sources */ = {isa = PBXBuildFile; fileRef = 35DE855324FD3D2200A95717 /* NewsTableViewController.swift */; };
		35DE855624FD40AC00A95717 /* NewsTableViewCell.swift in Sources */ = {isa = PBXBuildFile; fileRef = 35DE855524FD40AC00A95717 /* NewsTableViewCell.swift */; };
		35F7D6B3253CA29400AD453D /* SaveServiceInterface.swift in Sources */ = {isa = PBXBuildFile; fileRef = 35F7D6B2253CA29400AD453D /* SaveServiceInterface.swift */; };
		35F7D6B7253CA6CE00AD453D /* RealmSaveService.swift in Sources */ = {isa = PBXBuildFile; fileRef = 35F7D6B6253CA6CE00AD453D /* RealmSaveService.swift */; };
		54E0BC57A8953563BE550BEE /* Pods_GB_Vkontakte_AlexeyZhadaev.framework in Frameworks */ = {isa = PBXBuildFile; fileRef = 81B346EC5446D62FEFC43F43 /* Pods_GB_Vkontakte_AlexeyZhadaev.framework */; };
/* End PBXBuildFile section */

/* Begin PBXFileReference section */
		30680BA91A70C6E7A3275EAB /* Pods-GB_Vkontakte_AlexeyZhadaev.release.xcconfig */ = {isa = PBXFileReference; includeInIndex = 1; lastKnownFileType = text.xcconfig; name = "Pods-GB_Vkontakte_AlexeyZhadaev.release.xcconfig"; path = "Target Support Files/Pods-GB_Vkontakte_AlexeyZhadaev/Pods-GB_Vkontakte_AlexeyZhadaev.release.xcconfig"; sourceTree = "<group>"; };
		350B466C24DC60FE00910FCE /* MyGroupsTableViewController.swift */ = {isa = PBXFileReference; lastKnownFileType = sourcecode.swift; path = MyGroupsTableViewController.swift; sourceTree = "<group>"; };
		350B466E24DC613700910FCE /* MyGroupsTableViewCell.swift */ = {isa = PBXFileReference; lastKnownFileType = sourcecode.swift; path = MyGroupsTableViewCell.swift; sourceTree = "<group>"; };
		350B467024DC6EF000910FCE /* FriendPhotoCollectionViewController.swift */ = {isa = PBXFileReference; lastKnownFileType = sourcecode.swift; path = FriendPhotoCollectionViewController.swift; sourceTree = "<group>"; };
		350B467224DC6F1D00910FCE /* FriendPhotoCollectionViewCell.swift */ = {isa = PBXFileReference; lastKnownFileType = sourcecode.swift; path = FriendPhotoCollectionViewCell.swift; sourceTree = "<group>"; };
		350B467924DC74AC00910FCE /* MyFriendsTableViewController.swift */ = {isa = PBXFileReference; lastKnownFileType = sourcecode.swift; path = MyFriendsTableViewController.swift; sourceTree = "<group>"; };
		350B467B24DC74C200910FCE /* MyFriendsTableViewCell.swift */ = {isa = PBXFileReference; lastKnownFileType = sourcecode.swift; path = MyFriendsTableViewCell.swift; sourceTree = "<group>"; };
		35242F9625335D5C0074C173 /* GB_Vkontakte_AlexeyZhadaev.xcdatamodel */ = {isa = PBXFileReference; lastKnownFileType = wrapper.xcdatamodel; path = GB_Vkontakte_AlexeyZhadaev.xcdatamodel; sourceTree = "<group>"; };
		35242F9925335FED0074C173 /* Group+CoreDataClass.swift */ = {isa = PBXFileReference; lastKnownFileType = sourcecode.swift; path = "Group+CoreDataClass.swift"; sourceTree = SOURCE_ROOT; };
		35242F9A25335FED0074C173 /* Group+CoreDataProperties.swift */ = {isa = PBXFileReference; lastKnownFileType = sourcecode.swift; path = "Group+CoreDataProperties.swift"; sourceTree = SOURCE_ROOT; };
		35242F9B25335FED0074C173 /* Photo+CoreDataClass.swift */ = {isa = PBXFileReference; lastKnownFileType = sourcecode.swift; path = "Photo+CoreDataClass.swift"; sourceTree = SOURCE_ROOT; };
		35242F9C25335FED0074C173 /* Photo+CoreDataProperties.swift */ = {isa = PBXFileReference; lastKnownFileType = sourcecode.swift; path = "Photo+CoreDataProperties.swift"; sourceTree = SOURCE_ROOT; };
		35242F9D25335FED0074C173 /* User+CoreDataClass.swift */ = {isa = PBXFileReference; lastKnownFileType = sourcecode.swift; path = "User+CoreDataClass.swift"; sourceTree = SOURCE_ROOT; };
		35242F9E25335FED0074C173 /* User+CoreDataProperties.swift */ = {isa = PBXFileReference; lastKnownFileType = sourcecode.swift; path = "User+CoreDataProperties.swift"; sourceTree = SOURCE_ROOT; };
		35242FA8253361ED0074C173 /* CoreDataStack.swift */ = {isa = PBXFileReference; lastKnownFileType = sourcecode.swift; path = CoreDataStack.swift; sourceTree = "<group>"; };
		35242FAB253363150074C173 /* CoreDataSaveService.swift */ = {isa = PBXFileReference; lastKnownFileType = sourcecode.swift; path = CoreDataSaveService.swift; sourceTree = "<group>"; };
		3533F2062506BDEE001975AB /* LoadingDots.swift */ = {isa = PBXFileReference; lastKnownFileType = sourcecode.swift; path = LoadingDots.swift; sourceTree = "<group>"; };
		3544E8A4250E81D80062C20E /* CustomPushAnimator.swift */ = {isa = PBXFileReference; lastKnownFileType = sourcecode.swift; path = CustomPushAnimator.swift; sourceTree = "<group>"; };
		3554667624F6DAE700EAA7F4 /* CustomAvatarView.swift */ = {isa = PBXFileReference; lastKnownFileType = sourcecode.swift; path = CustomAvatarView.swift; sourceTree = "<group>"; };
		3556A65424F3E98900BF6847 /* GradientView.swift */ = {isa = PBXFileReference; lastKnownFileType = sourcecode.swift; path = GradientView.swift; sourceTree = "<group>"; };
		356640292509519100744216 /* GalleryViewController.swift */ = {isa = PBXFileReference; lastKnownFileType = sourcecode.swift; path = GalleryViewController.swift; sourceTree = "<group>"; };
		356F8B8D24DB4F4D001C89BA /* FindGroupsTableViewController.swift */ = {isa = PBXFileReference; lastKnownFileType = sourcecode.swift; path = FindGroupsTableViewController.swift; sourceTree = "<group>"; };
		356F8B8F24DB4F64001C89BA /* FindGroupsTableViewCell.swift */ = {isa = PBXFileReference; lastKnownFileType = sourcecode.swift; path = FindGroupsTableViewCell.swift; sourceTree = "<group>"; };
		358343D32505479B007017DC /* NewsPhotoCollectionViewCell.swift */ = {isa = PBXFileReference; lastKnownFileType = sourcecode.swift; path = NewsPhotoCollectionViewCell.swift; sourceTree = "<group>"; };
		358343D42505479B007017DC /* NewsPhotoCollectionViewCell.xib */ = {isa = PBXFileReference; lastKnownFileType = file.xib; path = NewsPhotoCollectionViewCell.xib; sourceTree = "<group>"; };
		359B49E8251A73FF00878855 /* Session.swift */ = {isa = PBXFileReference; lastKnownFileType = sourcecode.swift; path = Session.swift; sourceTree = "<group>"; };
		35A3BADC24D20AD300933891 /* GB_Vkontakte_AlexeyZhadaev.app */ = {isa = PBXFileReference; explicitFileType = wrapper.application; includeInIndex = 0; path = GB_Vkontakte_AlexeyZhadaev.app; sourceTree = BUILT_PRODUCTS_DIR; };
		35A3BADF24D20AD300933891 /* AppDelegate.swift */ = {isa = PBXFileReference; lastKnownFileType = sourcecode.swift; path = AppDelegate.swift; sourceTree = "<group>"; };
		35A3BAE124D20AD300933891 /* SceneDelegate.swift */ = {isa = PBXFileReference; lastKnownFileType = sourcecode.swift; path = SceneDelegate.swift; sourceTree = "<group>"; };
		35A3BAE624D20AD300933891 /* Base */ = {isa = PBXFileReference; lastKnownFileType = file.storyboard; name = Base; path = Base.lproj/Main.storyboard; sourceTree = "<group>"; };
		35A3BAE824D20AD500933891 /* Assets.xcassets */ = {isa = PBXFileReference; lastKnownFileType = folder.assetcatalog; path = Assets.xcassets; sourceTree = "<group>"; };
		35A3BAEB24D20AD500933891 /* Base */ = {isa = PBXFileReference; lastKnownFileType = file.storyboard; name = Base; path = Base.lproj/LaunchScreen.storyboard; sourceTree = "<group>"; };
		35A3BAED24D20AD500933891 /* Info.plist */ = {isa = PBXFileReference; lastKnownFileType = text.plist.xml; path = Info.plist; sourceTree = "<group>"; };
		35A3BAF324D20B5000933891 /* LoginFormController.swift */ = {isa = PBXFileReference; lastKnownFileType = sourcecode.swift; path = LoginFormController.swift; sourceTree = "<group>"; };
		35BDFDB22504FAC000CE7488 /* NewsTableViewCell.xib */ = {isa = PBXFileReference; lastKnownFileType = file.xib; path = NewsTableViewCell.xib; sourceTree = "<group>"; };
		35C1BB7124F8246300A7ACBC /* LikeCustomControlUIView.swift */ = {isa = PBXFileReference; lastKnownFileType = sourcecode.swift; path = LikeCustomControlUIView.swift; sourceTree = "<group>"; };
		35DE855324FD3D2200A95717 /* NewsTableViewController.swift */ = {isa = PBXFileReference; lastKnownFileType = sourcecode.swift; path = NewsTableViewController.swift; sourceTree = "<group>"; };
		35DE855524FD40AC00A95717 /* NewsTableViewCell.swift */ = {isa = PBXFileReference; lastKnownFileType = sourcecode.swift; path = NewsTableViewCell.swift; sourceTree = "<group>"; };
		35F7D6B2253CA29400AD453D /* SaveServiceInterface.swift */ = {isa = PBXFileReference; lastKnownFileType = sourcecode.swift; path = SaveServiceInterface.swift; sourceTree = "<group>"; };
		35F7D6B6253CA6CE00AD453D /* RealmSaveService.swift */ = {isa = PBXFileReference; lastKnownFileType = sourcecode.swift; path = RealmSaveService.swift; sourceTree = "<group>"; };
		628E187A8D7B5C167FC8AB7C /* Pods-GB_Vkontakte_AlexeyZhadaev.debug.xcconfig */ = {isa = PBXFileReference; includeInIndex = 1; lastKnownFileType = text.xcconfig; name = "Pods-GB_Vkontakte_AlexeyZhadaev.debug.xcconfig"; path = "Target Support Files/Pods-GB_Vkontakte_AlexeyZhadaev/Pods-GB_Vkontakte_AlexeyZhadaev.debug.xcconfig"; sourceTree = "<group>"; };
		81B346EC5446D62FEFC43F43 /* Pods_GB_Vkontakte_AlexeyZhadaev.framework */ = {isa = PBXFileReference; explicitFileType = wrapper.framework; includeInIndex = 0; path = Pods_GB_Vkontakte_AlexeyZhadaev.framework; sourceTree = BUILT_PRODUCTS_DIR; };
/* End PBXFileReference section */

/* Begin PBXFrameworksBuildPhase section */
		35A3BAD924D20AD300933891 /* Frameworks */ = {
			isa = PBXFrameworksBuildPhase;
			buildActionMask = 2147483647;
			files = (
				54E0BC57A8953563BE550BEE /* Pods_GB_Vkontakte_AlexeyZhadaev.framework in Frameworks */,
			);
			runOnlyForDeploymentPostprocessing = 0;
		};
/* End PBXFrameworksBuildPhase section */

/* Begin PBXGroup section */
		1A987CB06BE75BEF5F0EE74C /* Pods */ = {
			isa = PBXGroup;
			children = (
				628E187A8D7B5C167FC8AB7C /* Pods-GB_Vkontakte_AlexeyZhadaev.debug.xcconfig */,
				30680BA91A70C6E7A3275EAB /* Pods-GB_Vkontakte_AlexeyZhadaev.release.xcconfig */,
			);
			path = Pods;
			sourceTree = "<group>";
		};
		350B467424DC737900910FCE /* Models */ = {
			isa = PBXGroup;
			children = (
				3556A65424F3E98900BF6847 /* GradientView.swift */,
				3554667624F6DAE700EAA7F4 /* CustomAvatarView.swift */,
				35C1BB7124F8246300A7ACBC /* LikeCustomControlUIView.swift */,
				3533F2062506BDEE001975AB /* LoadingDots.swift */,
				3544E8A4250E81D80062C20E /* CustomPushAnimator.swift */,
			);
			path = Models;
			sourceTree = "<group>";
		};
		35242FB125339A560074C173 /* Support */ = {
			isa = PBXGroup;
			children = (
				35A3BADF24D20AD300933891 /* AppDelegate.swift */,
				35A3BAE124D20AD300933891 /* SceneDelegate.swift */,
				35A3BAE824D20AD500933891 /* Assets.xcassets */,
				35A3BAED24D20AD500933891 /* Info.plist */,
			);
			path = Support;
			sourceTree = "<group>";
		};
		356F8B8A24DB4D21001C89BA /* Friends */ = {
			isa = PBXGroup;
			children = (
				350B467024DC6EF000910FCE /* FriendPhotoCollectionViewController.swift */,
				350B467224DC6F1D00910FCE /* FriendPhotoCollectionViewCell.swift */,
				350B467924DC74AC00910FCE /* MyFriendsTableViewController.swift */,
				350B467B24DC74C200910FCE /* MyFriendsTableViewCell.swift */,
				356640292509519100744216 /* GalleryViewController.swift */,
			);
			path = Friends;
			sourceTree = "<group>";
		};
		356F8B8B24DB4D5C001C89BA /* MyGroups */ = {
			isa = PBXGroup;
			children = (
				350B466C24DC60FE00910FCE /* MyGroupsTableViewController.swift */,
				350B466E24DC613700910FCE /* MyGroupsTableViewCell.swift */,
			);
			path = MyGroups;
			sourceTree = "<group>";
		};
		356F8B8C24DB4D72001C89BA /* FindGroups */ = {
			isa = PBXGroup;
			children = (
				356F8B8D24DB4F4D001C89BA /* FindGroupsTableViewController.swift */,
				356F8B8F24DB4F64001C89BA /* FindGroupsTableViewCell.swift */,
			);
			path = FindGroups;
			sourceTree = "<group>";
		};
		35A3BAD324D20AD300933891 = {
			isa = PBXGroup;
			children = (
				35A3BADE24D20AD300933891 /* GB_Vkontakte_AlexeyZhadaev */,
				35A3BADD24D20AD300933891 /* Products */,
				1A987CB06BE75BEF5F0EE74C /* Pods */,
				6A768AF075930088B4235588 /* Frameworks */,
			);
			sourceTree = "<group>";
		};
		35A3BADD24D20AD300933891 /* Products */ = {
			isa = PBXGroup;
			children = (
				35A3BADC24D20AD300933891 /* GB_Vkontakte_AlexeyZhadaev.app */,
			);
			name = Products;
			sourceTree = "<group>";
		};
		35A3BADE24D20AD300933891 /* GB_Vkontakte_AlexeyZhadaev */ = {
			isa = PBXGroup;
			children = (
				35A46C412520BFF500BEFD6B /* Services */,
				35DE855224FD391A00A95717 /* News */,
				350B467424DC737900910FCE /* Models */,
				356F8B8A24DB4D21001C89BA /* Friends */,
				356F8B8B24DB4D5C001C89BA /* MyGroups */,
				356F8B8C24DB4D72001C89BA /* FindGroups */,
				35242FB125339A560074C173 /* Support */,
				35A3BAF324D20B5000933891 /* LoginFormController.swift */,
				35A3BAE524D20AD300933891 /* Main.storyboard */,
				35A3BAEA24D20AD500933891 /* LaunchScreen.storyboard */,
			);
			path = GB_Vkontakte_AlexeyZhadaev;
			sourceTree = "<group>";
		};
		35A46C412520BFF500BEFD6B /* Services */ = {
			isa = PBXGroup;
			children = (
				35242F9925335FED0074C173 /* Group+CoreDataClass.swift */,
				35242F9A25335FED0074C173 /* Group+CoreDataProperties.swift */,
				35242F9B25335FED0074C173 /* Photo+CoreDataClass.swift */,
				35242F9C25335FED0074C173 /* Photo+CoreDataProperties.swift */,
				35242F9D25335FED0074C173 /* User+CoreDataClass.swift */,
				35242F9E25335FED0074C173 /* User+CoreDataProperties.swift */,
				359B49E8251A73FF00878855 /* Session.swift */,
				35F7D6BF253CC00E00AD453D /* CoreData */,
				35F7D6BE253CBD9700AD453D /* Realm */,
				35F7D6B2253CA29400AD453D /* SaveServiceInterface.swift */,
			);
			path = Services;
			sourceTree = "<group>";
		};
		35DE855224FD391A00A95717 /* News */ = {
			isa = PBXGroup;
			children = (
				35DE855324FD3D2200A95717 /* NewsTableViewController.swift */,
				35DE855524FD40AC00A95717 /* NewsTableViewCell.swift */,
				35BDFDB22504FAC000CE7488 /* NewsTableViewCell.xib */,
				358343D32505479B007017DC /* NewsPhotoCollectionViewCell.swift */,
				358343D42505479B007017DC /* NewsPhotoCollectionViewCell.xib */,
			);
			path = News;
			sourceTree = "<group>";
		};
		35F7D6BE253CBD9700AD453D /* Realm */ = {
			isa = PBXGroup;
			children = (
				35F7D6B6253CA6CE00AD453D /* RealmSaveService.swift */,
			);
			path = Realm;
			sourceTree = "<group>";
		};
		35F7D6BF253CC00E00AD453D /* CoreData */ = {
			isa = PBXGroup;
			children = (
				35242FA8253361ED0074C173 /* CoreDataStack.swift */,
				35242FAB253363150074C173 /* CoreDataSaveService.swift */,
				35242F9525335D5C0074C173 /* GB_Vkontakte_AlexeyZhadaev.xcdatamodeld */,
			);
			path = CoreData;
			sourceTree = "<group>";
		};
		6A768AF075930088B4235588 /* Frameworks */ = {
			isa = PBXGroup;
			children = (
				81B346EC5446D62FEFC43F43 /* Pods_GB_Vkontakte_AlexeyZhadaev.framework */,
			);
			name = Frameworks;
			sourceTree = "<group>";
		};
/* End PBXGroup section */

/* Begin PBXNativeTarget section */
		35A3BADB24D20AD300933891 /* GB_Vkontakte_AlexeyZhadaev */ = {
			isa = PBXNativeTarget;
			buildConfigurationList = 35A3BAF024D20AD500933891 /* Build configuration list for PBXNativeTarget "GB_Vkontakte_AlexeyZhadaev" */;
			buildPhases = (
				3E1386090708E5C5032CC57D /* [CP] Check Pods Manifest.lock */,
				35A3BAD824D20AD300933891 /* Sources */,
				35A3BAD924D20AD300933891 /* Frameworks */,
				35A3BADA24D20AD300933891 /* Resources */,
				F9653B555DCFBE8F7B438121 /* [CP] Embed Pods Frameworks */,
			);
			buildRules = (
			);
			dependencies = (
			);
			name = GB_Vkontakte_AlexeyZhadaev;
			productName = Vtentakle_l1_AlexeyZhadaev;
			productReference = 35A3BADC24D20AD300933891 /* GB_Vkontakte_AlexeyZhadaev.app */;
			productType = "com.apple.product-type.application";
		};
/* End PBXNativeTarget section */

/* Begin PBXProject section */
		35A3BAD424D20AD300933891 /* Project object */ = {
			isa = PBXProject;
			attributes = {
				LastSwiftUpdateCheck = 1160;
				LastUpgradeCheck = 1200;
				ORGANIZATIONNAME = "Жадаев Алексей";
				TargetAttributes = {
					35A3BADB24D20AD300933891 = {
						CreatedOnToolsVersion = 11.6;
					};
				};
			};
			buildConfigurationList = 35A3BAD724D20AD300933891 /* Build configuration list for PBXProject "GB_Vkontakte_AlexeyZhadaev" */;
			compatibilityVersion = "Xcode 9.3";
			developmentRegion = en;
			hasScannedForEncodings = 0;
			knownRegions = (
				en,
				Base,
			);
			mainGroup = 35A3BAD324D20AD300933891;
			productRefGroup = 35A3BADD24D20AD300933891 /* Products */;
			projectDirPath = "";
			projectRoot = "";
			targets = (
				35A3BADB24D20AD300933891 /* GB_Vkontakte_AlexeyZhadaev */,
			);
		};
/* End PBXProject section */

/* Begin PBXResourcesBuildPhase section */
		35A3BADA24D20AD300933891 /* Resources */ = {
			isa = PBXResourcesBuildPhase;
			buildActionMask = 2147483647;
			files = (
				35A3BAEC24D20AD500933891 /* LaunchScreen.storyboard in Resources */,
				35A3BAE924D20AD500933891 /* Assets.xcassets in Resources */,
				35BDFDB32504FAC000CE7488 /* NewsTableViewCell.xib in Resources */,
				35A3BAE724D20AD300933891 /* Main.storyboard in Resources */,
				358343D62505479B007017DC /* NewsPhotoCollectionViewCell.xib in Resources */,
			);
			runOnlyForDeploymentPostprocessing = 0;
		};
/* End PBXResourcesBuildPhase section */

/* Begin PBXShellScriptBuildPhase section */
		3E1386090708E5C5032CC57D /* [CP] Check Pods Manifest.lock */ = {
			isa = PBXShellScriptBuildPhase;
			buildActionMask = 2147483647;
			files = (
			);
			inputFileListPaths = (
			);
			inputPaths = (
				"${PODS_PODFILE_DIR_PATH}/Podfile.lock",
				"${PODS_ROOT}/Manifest.lock",
			);
			name = "[CP] Check Pods Manifest.lock";
			outputFileListPaths = (
			);
			outputPaths = (
				"$(DERIVED_FILE_DIR)/Pods-GB_Vkontakte_AlexeyZhadaev-checkManifestLockResult.txt",
			);
			runOnlyForDeploymentPostprocessing = 0;
			shellPath = /bin/sh;
			shellScript = "diff \"${PODS_PODFILE_DIR_PATH}/Podfile.lock\" \"${PODS_ROOT}/Manifest.lock\" > /dev/null\nif [ $? != 0 ] ; then\n    # print error to STDERR\n    echo \"error: The sandbox is not in sync with the Podfile.lock. Run 'pod install' or update your CocoaPods installation.\" >&2\n    exit 1\nfi\n# This output is used by Xcode 'outputs' to avoid re-running this script phase.\necho \"SUCCESS\" > \"${SCRIPT_OUTPUT_FILE_0}\"\n";
			showEnvVarsInLog = 0;
		};
		F9653B555DCFBE8F7B438121 /* [CP] Embed Pods Frameworks */ = {
			isa = PBXShellScriptBuildPhase;
			buildActionMask = 2147483647;
			files = (
			);
			inputFileListPaths = (
				"${PODS_ROOT}/Target Support Files/Pods-GB_Vkontakte_AlexeyZhadaev/Pods-GB_Vkontakte_AlexeyZhadaev-frameworks-${CONFIGURATION}-input-files.xcfilelist",
			);
			name = "[CP] Embed Pods Frameworks";
			outputFileListPaths = (
				"${PODS_ROOT}/Target Support Files/Pods-GB_Vkontakte_AlexeyZhadaev/Pods-GB_Vkontakte_AlexeyZhadaev-frameworks-${CONFIGURATION}-output-files.xcfilelist",
			);
			runOnlyForDeploymentPostprocessing = 0;
			shellPath = /bin/sh;
			shellScript = "\"${PODS_ROOT}/Target Support Files/Pods-GB_Vkontakte_AlexeyZhadaev/Pods-GB_Vkontakte_AlexeyZhadaev-frameworks.sh\"\n";
			showEnvVarsInLog = 0;
		};
/* End PBXShellScriptBuildPhase section */

/* Begin PBXSourcesBuildPhase section */
		35A3BAD824D20AD300933891 /* Sources */ = {
			isa = PBXSourcesBuildPhase;
			buildActionMask = 2147483647;
			files = (
				35242FA125335FED0074C173 /* Photo+CoreDataClass.swift in Sources */,
				350B467324DC6F1D00910FCE /* FriendPhotoCollectionViewCell.swift in Sources */,
				35F7D6B7253CA6CE00AD453D /* RealmSaveService.swift in Sources */,
				3556A65524F3E98900BF6847 /* GradientView.swift in Sources */,
				3533F2072506BDEE001975AB /* LoadingDots.swift in Sources */,
				35A3BAF424D20B5000933891 /* LoginFormController.swift in Sources */,
				350B466D24DC60FE00910FCE /* MyGroupsTableViewController.swift in Sources */,
				35242FA9253361ED0074C173 /* CoreDataStack.swift in Sources */,
				358343D52505479B007017DC /* NewsPhotoCollectionViewCell.swift in Sources */,
				35F7D6B3253CA29400AD453D /* SaveServiceInterface.swift in Sources */,
				356F8B9024DB4F64001C89BA /* FindGroupsTableViewCell.swift in Sources */,
				3554667724F6DAE700EAA7F4 /* CustomAvatarView.swift in Sources */,
				35DE855424FD3D2200A95717 /* NewsTableViewController.swift in Sources */,
				3566402A2509519100744216 /* GalleryViewController.swift in Sources */,
				350B467124DC6EF000910FCE /* FriendPhotoCollectionViewController.swift in Sources */,
				35A3BAE024D20AD300933891 /* AppDelegate.swift in Sources */,
				35A3BAE224D20AD300933891 /* SceneDelegate.swift in Sources */,
				35242F9F25335FED0074C173 /* Group+CoreDataClass.swift in Sources */,
				35242FAC253363150074C173 /* CoreDataSaveService.swift in Sources */,
				35242FA025335FED0074C173 /* Group+CoreDataProperties.swift in Sources */,
				356F8B8E24DB4F4E001C89BA /* FindGroupsTableViewController.swift in Sources */,
				350B467A24DC74AC00910FCE /* MyFriendsTableViewController.swift in Sources */,
				35242FA325335FED0074C173 /* User+CoreDataClass.swift in Sources */,
				350B467C24DC74C200910FCE /* MyFriendsTableViewCell.swift in Sources */,
				35242F9725335D5C0074C173 /* GB_Vkontakte_AlexeyZhadaev.xcdatamodeld in Sources */,
				35242FA225335FED0074C173 /* Photo+CoreDataProperties.swift in Sources */,
				350B466F24DC613700910FCE /* MyGroupsTableViewCell.swift in Sources */,
				35C1BB7224F8246300A7ACBC /* LikeCustomControlUIView.swift in Sources */,
				359B49E9251A73FF00878855 /* Session.swift in Sources */,
				35242FA425335FED0074C173 /* User+CoreDataProperties.swift in Sources */,
				35DE855624FD40AC00A95717 /* NewsTableViewCell.swift in Sources */,
				3544E8A5250E81D80062C20E /* CustomPushAnimator.swift in Sources */,
			);
			runOnlyForDeploymentPostprocessing = 0;
		};
/* End PBXSourcesBuildPhase section */

/* Begin PBXVariantGroup section */
		35A3BAE524D20AD300933891 /* Main.storyboard */ = {
			isa = PBXVariantGroup;
			children = (
				35A3BAE624D20AD300933891 /* Base */,
			);
			name = Main.storyboard;
			sourceTree = "<group>";
		};
		35A3BAEA24D20AD500933891 /* LaunchScreen.storyboard */ = {
			isa = PBXVariantGroup;
			children = (
				35A3BAEB24D20AD500933891 /* Base */,
			);
			name = LaunchScreen.storyboard;
			sourceTree = "<group>";
		};
/* End PBXVariantGroup section */

/* Begin XCBuildConfiguration section */
		35A3BAEE24D20AD500933891 /* Debug */ = {
			isa = XCBuildConfiguration;
			buildSettings = {
				ALWAYS_SEARCH_USER_PATHS = NO;
				CLANG_ANALYZER_NONNULL = YES;
				CLANG_ANALYZER_NUMBER_OBJECT_CONVERSION = YES_AGGRESSIVE;
				CLANG_CXX_LANGUAGE_STANDARD = "gnu++14";
				CLANG_CXX_LIBRARY = "libc++";
				CLANG_ENABLE_MODULES = YES;
				CLANG_ENABLE_OBJC_ARC = YES;
				CLANG_ENABLE_OBJC_WEAK = YES;
				CLANG_WARN_BLOCK_CAPTURE_AUTORELEASING = YES;
				CLANG_WARN_BOOL_CONVERSION = YES;
				CLANG_WARN_COMMA = YES;
				CLANG_WARN_CONSTANT_CONVERSION = YES;
				CLANG_WARN_DEPRECATED_OBJC_IMPLEMENTATIONS = YES;
				CLANG_WARN_DIRECT_OBJC_ISA_USAGE = YES_ERROR;
				CLANG_WARN_DOCUMENTATION_COMMENTS = YES;
				CLANG_WARN_EMPTY_BODY = YES;
				CLANG_WARN_ENUM_CONVERSION = YES;
				CLANG_WARN_INFINITE_RECURSION = YES;
				CLANG_WARN_INT_CONVERSION = YES;
				CLANG_WARN_NON_LITERAL_NULL_CONVERSION = YES;
				CLANG_WARN_OBJC_IMPLICIT_RETAIN_SELF = YES;
				CLANG_WARN_OBJC_LITERAL_CONVERSION = YES;
				CLANG_WARN_OBJC_ROOT_CLASS = YES_ERROR;
				CLANG_WARN_QUOTED_INCLUDE_IN_FRAMEWORK_HEADER = YES;
				CLANG_WARN_RANGE_LOOP_ANALYSIS = YES;
				CLANG_WARN_STRICT_PROTOTYPES = YES;
				CLANG_WARN_SUSPICIOUS_MOVE = YES;
				CLANG_WARN_UNGUARDED_AVAILABILITY = YES_AGGRESSIVE;
				CLANG_WARN_UNREACHABLE_CODE = YES;
				CLANG_WARN__DUPLICATE_METHOD_MATCH = YES;
				COPY_PHASE_STRIP = NO;
				DEBUG_INFORMATION_FORMAT = dwarf;
				ENABLE_STRICT_OBJC_MSGSEND = YES;
				ENABLE_TESTABILITY = YES;
				GCC_C_LANGUAGE_STANDARD = gnu11;
				GCC_DYNAMIC_NO_PIC = NO;
				GCC_NO_COMMON_BLOCKS = YES;
				GCC_OPTIMIZATION_LEVEL = 0;
				GCC_PREPROCESSOR_DEFINITIONS = (
					"DEBUG=1",
					"$(inherited)",
				);
				GCC_WARN_64_TO_32_BIT_CONVERSION = YES;
				GCC_WARN_ABOUT_RETURN_TYPE = YES_ERROR;
				GCC_WARN_UNDECLARED_SELECTOR = YES;
				GCC_WARN_UNINITIALIZED_AUTOS = YES_AGGRESSIVE;
				GCC_WARN_UNUSED_FUNCTION = YES;
				GCC_WARN_UNUSED_VARIABLE = YES;
				IPHONEOS_DEPLOYMENT_TARGET = 13.6;
				MTL_ENABLE_DEBUG_INFO = INCLUDE_SOURCE;
				MTL_FAST_MATH = YES;
				ONLY_ACTIVE_ARCH = YES;
				SDKROOT = iphoneos;
				SWIFT_ACTIVE_COMPILATION_CONDITIONS = DEBUG;
				SWIFT_OPTIMIZATION_LEVEL = "-Onone";
			};
			name = Debug;
		};
		35A3BAEF24D20AD500933891 /* Release */ = {
			isa = XCBuildConfiguration;
			buildSettings = {
				ALWAYS_SEARCH_USER_PATHS = NO;
				CLANG_ANALYZER_NONNULL = YES;
				CLANG_ANALYZER_NUMBER_OBJECT_CONVERSION = YES_AGGRESSIVE;
				CLANG_CXX_LANGUAGE_STANDARD = "gnu++14";
				CLANG_CXX_LIBRARY = "libc++";
				CLANG_ENABLE_MODULES = YES;
				CLANG_ENABLE_OBJC_ARC = YES;
				CLANG_ENABLE_OBJC_WEAK = YES;
				CLANG_WARN_BLOCK_CAPTURE_AUTORELEASING = YES;
				CLANG_WARN_BOOL_CONVERSION = YES;
				CLANG_WARN_COMMA = YES;
				CLANG_WARN_CONSTANT_CONVERSION = YES;
				CLANG_WARN_DEPRECATED_OBJC_IMPLEMENTATIONS = YES;
				CLANG_WARN_DIRECT_OBJC_ISA_USAGE = YES_ERROR;
				CLANG_WARN_DOCUMENTATION_COMMENTS = YES;
				CLANG_WARN_EMPTY_BODY = YES;
				CLANG_WARN_ENUM_CONVERSION = YES;
				CLANG_WARN_INFINITE_RECURSION = YES;
				CLANG_WARN_INT_CONVERSION = YES;
				CLANG_WARN_NON_LITERAL_NULL_CONVERSION = YES;
				CLANG_WARN_OBJC_IMPLICIT_RETAIN_SELF = YES;
				CLANG_WARN_OBJC_LITERAL_CONVERSION = YES;
				CLANG_WARN_OBJC_ROOT_CLASS = YES_ERROR;
				CLANG_WARN_QUOTED_INCLUDE_IN_FRAMEWORK_HEADER = YES;
				CLANG_WARN_RANGE_LOOP_ANALYSIS = YES;
				CLANG_WARN_STRICT_PROTOTYPES = YES;
				CLANG_WARN_SUSPICIOUS_MOVE = YES;
				CLANG_WARN_UNGUARDED_AVAILABILITY = YES_AGGRESSIVE;
				CLANG_WARN_UNREACHABLE_CODE = YES;
				CLANG_WARN__DUPLICATE_METHOD_MATCH = YES;
				COPY_PHASE_STRIP = NO;
				DEBUG_INFORMATION_FORMAT = "dwarf-with-dsym";
				ENABLE_NS_ASSERTIONS = NO;
				ENABLE_STRICT_OBJC_MSGSEND = YES;
				GCC_C_LANGUAGE_STANDARD = gnu11;
				GCC_NO_COMMON_BLOCKS = YES;
				GCC_WARN_64_TO_32_BIT_CONVERSION = YES;
				GCC_WARN_ABOUT_RETURN_TYPE = YES_ERROR;
				GCC_WARN_UNDECLARED_SELECTOR = YES;
				GCC_WARN_UNINITIALIZED_AUTOS = YES_AGGRESSIVE;
				GCC_WARN_UNUSED_FUNCTION = YES;
				GCC_WARN_UNUSED_VARIABLE = YES;
				IPHONEOS_DEPLOYMENT_TARGET = 13.6;
				MTL_ENABLE_DEBUG_INFO = NO;
				MTL_FAST_MATH = YES;
				SDKROOT = iphoneos;
				SWIFT_COMPILATION_MODE = wholemodule;
				SWIFT_OPTIMIZATION_LEVEL = "-O";
				VALIDATE_PRODUCT = YES;
			};
			name = Release;
		};
		35A3BAF124D20AD500933891 /* Debug */ = {
			isa = XCBuildConfiguration;
			baseConfigurationReference = 628E187A8D7B5C167FC8AB7C /* Pods-GB_Vkontakte_AlexeyZhadaev.debug.xcconfig */;
			buildSettings = {
				ASSETCATALOG_COMPILER_APPICON_NAME = AppIcon;
				CODE_SIGN_STYLE = Automatic;
				DEVELOPMENT_TEAM = Q37PJY8G6K;
				INFOPLIST_FILE = GB_Vkontakte_AlexeyZhadaev/Support/Info.plist;
				LD_RUNPATH_SEARCH_PATHS = (
					"$(inherited)",
					"@executable_path/Frameworks",
				);
				PRODUCT_BUNDLE_IDENTIFIER = "zhadaev.GB-Vkontakte-AlexeyZhadaev";
				PRODUCT_NAME = "$(TARGET_NAME)";
				SWIFT_VERSION = 5.0;
				TARGETED_DEVICE_FAMILY = "1,2";
			};
			name = Debug;
		};
		35A3BAF224D20AD500933891 /* Release */ = {
			isa = XCBuildConfiguration;
			baseConfigurationReference = 30680BA91A70C6E7A3275EAB /* Pods-GB_Vkontakte_AlexeyZhadaev.release.xcconfig */;
			buildSettings = {
				ASSETCATALOG_COMPILER_APPICON_NAME = AppIcon;
				CODE_SIGN_STYLE = Automatic;
				DEVELOPMENT_TEAM = Q37PJY8G6K;
				INFOPLIST_FILE = GB_Vkontakte_AlexeyZhadaev/Support/Info.plist;
				LD_RUNPATH_SEARCH_PATHS = (
					"$(inherited)",
					"@executable_path/Frameworks",
				);
				PRODUCT_BUNDLE_IDENTIFIER = "zhadaev.GB-Vkontakte-AlexeyZhadaev";
				PRODUCT_NAME = "$(TARGET_NAME)";
				SWIFT_VERSION = 5.0;
				TARGETED_DEVICE_FAMILY = "1,2";
			};
			name = Release;
		};
/* End XCBuildConfiguration section */

/* Begin XCConfigurationList section */
		35A3BAD724D20AD300933891 /* Build configuration list for PBXProject "GB_Vkontakte_AlexeyZhadaev" */ = {
			isa = XCConfigurationList;
			buildConfigurations = (
				35A3BAEE24D20AD500933891 /* Debug */,
				35A3BAEF24D20AD500933891 /* Release */,
			);
			defaultConfigurationIsVisible = 0;
			defaultConfigurationName = Release;
		};
		35A3BAF024D20AD500933891 /* Build configuration list for PBXNativeTarget "GB_Vkontakte_AlexeyZhadaev" */ = {
			isa = XCConfigurationList;
			buildConfigurations = (
				35A3BAF124D20AD500933891 /* Debug */,
				35A3BAF224D20AD500933891 /* Release */,
			);
			defaultConfigurationIsVisible = 0;
			defaultConfigurationName = Release;
		};
/* End XCConfigurationList section */

/* Begin XCVersionGroup section */
		35242F9525335D5C0074C173 /* GB_Vkontakte_AlexeyZhadaev.xcdatamodeld */ = {
			isa = XCVersionGroup;
			children = (
				35242F9625335D5C0074C173 /* GB_Vkontakte_AlexeyZhadaev.xcdatamodel */,
			);
			currentVersion = 35242F9625335D5C0074C173 /* GB_Vkontakte_AlexeyZhadaev.xcdatamodel */;
			path = GB_Vkontakte_AlexeyZhadaev.xcdatamodeld;
			sourceTree = "<group>";
			versionGroupType = wrapper.xcdatamodel;
		};
/* End XCVersionGroup section */
	};
	rootObject = 35A3BAD424D20AD300933891 /* Project object */;
}
